
Microsoft Visual Studio Solution File, Format Version 12.00
# Visual Studio 2013
VisualStudioVersion = 12.0.30501.0
MinimumVisualStudioVersion = 10.0.40219.1
Project("{FAE04EC0-301F-11D3-BF4B-00C04F79EFBC}") = "Infrastructure.Events", "Events\Infrastructure.Events.csproj", "{AC1E99F8-3DDB-4EAF-93FF-AE31E117BE28}"
EndProject
Project("{FAE04EC0-301F-11D3-BF4B-00C04F79EFBC}") = "Infrastructure.Commands", "Commands\Infrastructure.Commands.csproj", "{AA4994DE-8C51-4230-AA13-D1732BC2E943}"
EndProject
Project("{FAE04EC0-301F-11D3-BF4B-00C04F79EFBC}") = "Events.Venues", "Events.Venues\Events.Venues.csproj", "{54F66DB9-BC41-4A1E-8A84-8F11D58F8A43}"
EndProject
Project("{FAE04EC0-301F-11D3-BF4B-00C04F79EFBC}") = "Events.Outings", "Events.Outings\Events.Outings.csproj", "{01323E9D-E766-41D1-B270-5BCDCD1B44A7}"
EndProject
Project("{FAE04EC0-301F-11D3-BF4B-00C04F79EFBC}") = "Events.Ratings", "Events.Ratings\Events.Ratings.csproj", "{8B6F976C-5418-427E-A4CC-9BACBD8EB5FF}"
EndProject
Project("{FAE04EC0-301F-11D3-BF4B-00C04F79EFBC}") = "Events.Voting", "Events.Voting\Events.Voting.csproj", "{BBEBC3C5-1481-44F7-8688-B9BD2BC007BA}"
EndProject
Project("{FAE04EC0-301F-11D3-BF4B-00C04F79EFBC}") = "Events.Users", "Events.Users\Events.Users.csproj", "{2E6019A2-BDDF-441B-AC71-35059BCBDFBE}"
EndProject
Project("{FAE04EC0-301F-11D3-BF4B-00C04F79EFBC}") = "Commands.Outings", "Commands.Outings\Commands.Outings.csproj", "{A079C106-F8DD-4467-805B-F4286A799772}"
EndProject
Project("{FAE04EC0-301F-11D3-BF4B-00C04F79EFBC}") = "Infrastructure.Events.MassTransit", "MassTransit.Events\Infrastructure.Events.MassTransit.csproj", "{DCE8D1C9-147E-4703-A943-B5B430DF7559}"
EndProject
Project("{FAE04EC0-301F-11D3-BF4B-00C04F79EFBC}") = "Infrastructure.Commands.MassTransit", "MassTransit.Commands\Infrastructure.Commands.MassTransit.csproj", "{B816F3B7-2BE8-460A-8B35-4329DC338D6D}"
EndProject
Project("{FAE04EC0-301F-11D3-BF4B-00C04F79EFBC}") = "Infrastructure.Host", "MassTransit.Endpoint\Infrastructure.Host.csproj", "{F2815BF7-F98F-4D16-8185-57B27DCA4B95}"
EndProject
Project("{FAE04EC0-301F-11D3-BF4B-00C04F79EFBC}") = "Infrastructure.MassTransit", "MassTransit\Infrastructure.MassTransit.csproj", "{C5B1118A-4D3A-4D9D-A021-D21A4F4C43C0}"
EndProject
Global
	GlobalSection(SolutionConfigurationPlatforms) = preSolution
		Debug|Any CPU = Debug|Any CPU
		Release|Any CPU = Release|Any CPU
	EndGlobalSection
	GlobalSection(ProjectConfigurationPlatforms) = postSolution
		{AC1E99F8-3DDB-4EAF-93FF-AE31E117BE28}.Debug|Any CPU.ActiveCfg = Debug|Any CPU
		{AC1E99F8-3DDB-4EAF-93FF-AE31E117BE28}.Debug|Any CPU.Build.0 = Debug|Any CPU
		{AC1E99F8-3DDB-4EAF-93FF-AE31E117BE28}.Release|Any CPU.ActiveCfg = Release|Any CPU
		{AC1E99F8-3DDB-4EAF-93FF-AE31E117BE28}.Release|Any CPU.Build.0 = Release|Any CPU
		{AA4994DE-8C51-4230-AA13-D1732BC2E943}.Debug|Any CPU.ActiveCfg = Debug|Any CPU
		{AA4994DE-8C51-4230-AA13-D1732BC2E943}.Debug|Any CPU.Build.0 = Debug|Any CPU
		{AA4994DE-8C51-4230-AA13-D1732BC2E943}.Release|Any CPU.ActiveCfg = Release|Any CPU
		{AA4994DE-8C51-4230-AA13-D1732BC2E943}.Release|Any CPU.Build.0 = Release|Any CPU
		{54F66DB9-BC41-4A1E-8A84-8F11D58F8A43}.Debug|Any CPU.ActiveCfg = Debug|Any CPU
		{54F66DB9-BC41-4A1E-8A84-8F11D58F8A43}.Debug|Any CPU.Build.0 = Debug|Any CPU
		{54F66DB9-BC41-4A1E-8A84-8F11D58F8A43}.Release|Any CPU.ActiveCfg = Release|Any CPU
		{54F66DB9-BC41-4A1E-8A84-8F11D58F8A43}.Release|Any CPU.Build.0 = Release|Any CPU
		{01323E9D-E766-41D1-B270-5BCDCD1B44A7}.Debug|Any CPU.ActiveCfg = Debug|Any CPU
		{01323E9D-E766-41D1-B270-5BCDCD1B44A7}.Debug|Any CPU.Build.0 = Debug|Any CPU
		{01323E9D-E766-41D1-B270-5BCDCD1B44A7}.Release|Any CPU.ActiveCfg = Release|Any CPU
		{01323E9D-E766-41D1-B270-5BCDCD1B44A7}.Release|Any CPU.Build.0 = Release|Any CPU
		{8B6F976C-5418-427E-A4CC-9BACBD8EB5FF}.Debug|Any CPU.ActiveCfg = Debug|Any CPU
		{8B6F976C-5418-427E-A4CC-9BACBD8EB5FF}.Debug|Any CPU.Build.0 = Debug|Any CPU
		{8B6F976C-5418-427E-A4CC-9BACBD8EB5FF}.Release|Any CPU.ActiveCfg = Release|Any CPU
		{8B6F976C-5418-427E-A4CC-9BACBD8EB5FF}.Release|Any CPU.Build.0 = Release|Any CPU
		{BBEBC3C5-1481-44F7-8688-B9BD2BC007BA}.Debug|Any CPU.ActiveCfg = Debug|Any CPU
		{BBEBC3C5-1481-44F7-8688-B9BD2BC007BA}.Debug|Any CPU.Build.0 = Debug|Any CPU
		{BBEBC3C5-1481-44F7-8688-B9BD2BC007BA}.Release|Any CPU.ActiveCfg = Release|Any CPU
		{BBEBC3C5-1481-44F7-8688-B9BD2BC007BA}.Release|Any CPU.Build.0 = Release|Any CPU
		{2E6019A2-BDDF-441B-AC71-35059BCBDFBE}.Debug|Any CPU.ActiveCfg = Debug|Any CPU
		{2E6019A2-BDDF-441B-AC71-35059BCBDFBE}.Debug|Any CPU.Build.0 = Debug|Any CPU
		{2E6019A2-BDDF-441B-AC71-35059BCBDFBE}.Release|Any CPU.ActiveCfg = Release|Any CPU
		{2E6019A2-BDDF-441B-AC71-35059BCBDFBE}.Release|Any CPU.Build.0 = Release|Any CPU
		{A079C106-F8DD-4467-805B-F4286A799772}.Debug|Any CPU.ActiveCfg = Debug|Any CPU
		{A079C106-F8DD-4467-805B-F4286A799772}.Debug|Any CPU.Build.0 = Debug|Any CPU
		{A079C106-F8DD-4467-805B-F4286A799772}.Release|Any CPU.ActiveCfg = Release|Any CPU
		{A079C106-F8DD-4467-805B-F4286A799772}.Release|Any CPU.Build.0 = Release|Any CPU
		{DCE8D1C9-147E-4703-A943-B5B430DF7559}.Debug|Any CPU.ActiveCfg = Debug|Any CPU
		{DCE8D1C9-147E-4703-A943-B5B430DF7559}.Debug|Any CPU.Build.0 = Debug|Any CPU
		{DCE8D1C9-147E-4703-A943-B5B430DF7559}.Release|Any CPU.ActiveCfg = Release|Any CPU
		{DCE8D1C9-147E-4703-A943-B5B430DF7559}.Release|Any CPU.Build.0 = Release|Any CPU
		{B816F3B7-2BE8-460A-8B35-4329DC338D6D}.Debug|Any CPU.ActiveCfg = Debug|Any CPU
		{B816F3B7-2BE8-460A-8B35-4329DC338D6D}.Debug|Any CPU.Build.0 = Debug|Any CPU
		{B816F3B7-2BE8-460A-8B35-4329DC338D6D}.Release|Any CPU.ActiveCfg = Release|Any CPU
		{B816F3B7-2BE8-460A-8B35-4329DC338D6D}.Release|Any CPU.Build.0 = Release|Any CPU
		{F2815BF7-F98F-4D16-8185-57B27DCA4B95}.Debug|Any CPU.ActiveCfg = Debug|Any CPU
		{F2815BF7-F98F-4D16-8185-57B27DCA4B95}.Debug|Any CPU.Build.0 = Debug|Any CPU
		{F2815BF7-F98F-4D16-8185-57B27DCA4B95}.Release|Any CPU.ActiveCfg = Release|Any CPU
		{F2815BF7-F98F-4D16-8185-57B27DCA4B95}.Release|Any CPU.Build.0 = Release|Any CPU
		{C5B1118A-4D3A-4D9D-A021-D21A4F4C43C0}.Debug|Any CPU.ActiveCfg = Debug|Any CPU
		{C5B1118A-4D3A-4D9D-A021-D21A4F4C43C0}.Debug|Any CPU.Build.0 = Debug|Any CPU
		{C5B1118A-4D3A-4D9D-A021-D21A4F4C43C0}.Release|Any CPU.ActiveCfg = Release|Any CPU
		{C5B1118A-4D3A-4D9D-A021-D21A4F4C43C0}.Release|Any CPU.Build.0 = Release|Any CPU
	EndGlobalSection
	GlobalSection(SolutionProperties) = preSolution
		HideSolutionNode = FALSE
	EndGlobalSection
EndGlobal
